
Microsoft Visual Studio Solution File, Format Version 12.00
# Visual Studio Version 17
VisualStudioVersion = 17.3.32811.315
MinimumVisualStudioVersion = 10.0.40219.1
Project("{FAE04EC0-301F-11D3-BF4B-00C04F79EFBC}") = "MuctrService.Domain", "MuctrService.Domain\MuctrService.Domain.csproj", "{F3152340-3990-48B9-B29C-DABBB2B5A686}"
EndProject
Project("{FAE04EC0-301F-11D3-BF4B-00C04F79EFBC}") = "MuctrService.Application", "MuctrService.Application\MuctrService.Application.csproj", "{8E20F5B1-14A1-422B-BB0F-634746CF0C77}"
EndProject
Project("{FAE04EC0-301F-11D3-BF4B-00C04F79EFBC}") = "MuctrService.Persistence", "MuctrService.Persistence\MuctrService.Persistence.csproj", "{EE29E605-D684-4481-8F73-9029BEE84882}"
EndProject
Global
	GlobalSection(SolutionConfigurationPlatforms) = preSolution
		Debug|Any CPU = Debug|Any CPU
		Release|Any CPU = Release|Any CPU
	EndGlobalSection
	GlobalSection(ProjectConfigurationPlatforms) = postSolution
		{F3152340-3990-48B9-B29C-DABBB2B5A686}.Debug|Any CPU.ActiveCfg = Debug|Any CPU
		{F3152340-3990-48B9-B29C-DABBB2B5A686}.Debug|Any CPU.Build.0 = Debug|Any CPU
		{F3152340-3990-48B9-B29C-DABBB2B5A686}.Release|Any CPU.ActiveCfg = Release|Any CPU
		{F3152340-3990-48B9-B29C-DABBB2B5A686}.Release|Any CPU.Build.0 = Release|Any CPU
		{8E20F5B1-14A1-422B-BB0F-634746CF0C77}.Debug|Any CPU.ActiveCfg = Debug|Any CPU
		{8E20F5B1-14A1-422B-BB0F-634746CF0C77}.Debug|Any CPU.Build.0 = Debug|Any CPU
		{8E20F5B1-14A1-422B-BB0F-634746CF0C77}.Release|Any CPU.ActiveCfg = Release|Any CPU
		{8E20F5B1-14A1-422B-BB0F-634746CF0C77}.Release|Any CPU.Build.0 = Release|Any CPU
		{EE29E605-D684-4481-8F73-9029BEE84882}.Debug|Any CPU.ActiveCfg = Debug|Any CPU
		{EE29E605-D684-4481-8F73-9029BEE84882}.Debug|Any CPU.Build.0 = Debug|Any CPU
		{EE29E605-D684-4481-8F73-9029BEE84882}.Release|Any CPU.ActiveCfg = Release|Any CPU
		{EE29E605-D684-4481-8F73-9029BEE84882}.Release|Any CPU.Build.0 = Release|Any CPU
	EndGlobalSection
	GlobalSection(SolutionProperties) = preSolution
		HideSolutionNode = FALSE
	EndGlobalSection
	GlobalSection(ExtensibilityGlobals) = postSolution
		SolutionGuid = {897AFCE9-8C78-48D1-AAA3-7896B1D486E7}
	EndGlobalSection
EndGlobal
